
Microsoft Visual Studio Solution File, Format Version 12.00
# Visual Studio Version 16
VisualStudioVersion = 16.0.30717.126
MinimumVisualStudioVersion = 10.0.40219.1
Project("{FAE04EC0-301F-11D3-BF4B-00C04F79EFBC}") = "RestaurantApp.Android", "RestaurantApp\RestaurantApp.Android\RestaurantApp.Android.csproj", "{F679C35E-64C8-4C31-84AE-CE92F5C7D0C2}"
EndProject
Project("{FAE04EC0-301F-11D3-BF4B-00C04F79EFBC}") = "RestaurantApp.iOS", "RestaurantApp\RestaurantApp.iOS\RestaurantApp.iOS.csproj", "{7ACE1216-1784-4E12-874D-794AA00F6C49}"
EndProject
Project("{FAE04EC0-301F-11D3-BF4B-00C04F79EFBC}") = "RestaurantApp", "RestaurantApp\RestaurantApp\RestaurantApp.csproj", "{6E51F44E-5D73-4B08-84DA-E029AFF98E57}"
EndProject
Global
	GlobalSection(SolutionConfigurationPlatforms) = preSolution
		Debug|Any CPU = Debug|Any CPU
		Debug|iPhone = Debug|iPhone
		Debug|iPhoneSimulator = Debug|iPhoneSimulator
		Release|Any CPU = Release|Any CPU
		Release|iPhone = Release|iPhone
		Release|iPhoneSimulator = Release|iPhoneSimulator
	EndGlobalSection
	GlobalSection(ProjectConfigurationPlatforms) = postSolution
		{F679C35E-64C8-4C31-84AE-CE92F5C7D0C2}.Debug|Any CPU.ActiveCfg = Debug|Any CPU
		{F679C35E-64C8-4C31-84AE-CE92F5C7D0C2}.Debug|Any CPU.Build.0 = Debug|Any CPU
		{F679C35E-64C8-4C31-84AE-CE92F5C7D0C2}.Debug|Any CPU.Deploy.0 = Debug|Any CPU
		{F679C35E-64C8-4C31-84AE-CE92F5C7D0C2}.Debug|iPhone.ActiveCfg = Debug|Any CPU
		{F679C35E-64C8-4C31-84AE-CE92F5C7D0C2}.Debug|iPhone.Build.0 = Debug|Any CPU
		{F679C35E-64C8-4C31-84AE-CE92F5C7D0C2}.Debug|iPhone.Deploy.0 = Debug|Any CPU
		{F679C35E-64C8-4C31-84AE-CE92F5C7D0C2}.Debug|iPhoneSimulator.ActiveCfg = Debug|Any CPU
		{F679C35E-64C8-4C31-84AE-CE92F5C7D0C2}.Debug|iPhoneSimulator.Build.0 = Debug|Any CPU
		{F679C35E-64C8-4C31-84AE-CE92F5C7D0C2}.Debug|iPhoneSimulator.Deploy.0 = Debug|Any CPU
		{F679C35E-64C8-4C31-84AE-CE92F5C7D0C2}.Release|Any CPU.ActiveCfg = Release|Any CPU
		{F679C35E-64C8-4C31-84AE-CE92F5C7D0C2}.Release|Any CPU.Build.0 = Release|Any CPU
		{F679C35E-64C8-4C31-84AE-CE92F5C7D0C2}.Release|Any CPU.Deploy.0 = Release|Any CPU
		{F679C35E-64C8-4C31-84AE-CE92F5C7D0C2}.Release|iPhone.ActiveCfg = Release|Any CPU
		{F679C35E-64C8-4C31-84AE-CE92F5C7D0C2}.Release|iPhone.Build.0 = Release|Any CPU
		{F679C35E-64C8-4C31-84AE-CE92F5C7D0C2}.Release|iPhone.Deploy.0 = Release|Any CPU
		{F679C35E-64C8-4C31-84AE-CE92F5C7D0C2}.Release|iPhoneSimulator.ActiveCfg = Release|Any CPU
		{F679C35E-64C8-4C31-84AE-CE92F5C7D0C2}.Release|iPhoneSimulator.Build.0 = Release|Any CPU
		{F679C35E-64C8-4C31-84AE-CE92F5C7D0C2}.Release|iPhoneSimulator.Deploy.0 = Release|Any CPU
		{7ACE1216-1784-4E12-874D-794AA00F6C49}.Debug|Any CPU.ActiveCfg = Debug|iPhone
		{7ACE1216-1784-4E12-874D-794AA00F6C49}.Debug|Any CPU.Build.0 = Debug|iPhone
		{7ACE1216-1784-4E12-874D-794AA00F6C49}.Debug|Any CPU.Deploy.0 = Debug|iPhone
		{7ACE1216-1784-4E12-874D-794AA00F6C49}.Debug|iPhone.ActiveCfg = Debug|iPhone
		{7ACE1216-1784-4E12-874D-794AA00F6C49}.Debug|iPhone.Build.0 = Debug|iPhone
		{7ACE1216-1784-4E12-874D-794AA00F6C49}.Debug|iPhone.Deploy.0 = Debug|iPhone
		{7ACE1216-1784-4E12-874D-794AA00F6C49}.Debug|iPhoneSimulator.ActiveCfg = Debug|iPhoneSimulator
		{7ACE1216-1784-4E12-874D-794AA00F6C49}.Debug|iPhoneSimulator.Build.0 = Debug|iPhoneSimulator
		{7ACE1216-1784-4E12-874D-794AA00F6C49}.Debug|iPhoneSimulator.Deploy.0 = Debug|iPhoneSimulator
		{7ACE1216-1784-4E12-874D-794AA00F6C49}.Release|Any CPU.ActiveCfg = Release|iPhoneSimulator
		{7ACE1216-1784-4E12-874D-794AA00F6C49}.Release|Any CPU.Build.0 = Release|iPhoneSimulator
		{7ACE1216-1784-4E12-874D-794AA00F6C49}.Release|Any CPU.Deploy.0 = Release|iPhoneSimulator
		{7ACE1216-1784-4E12-874D-794AA00F6C49}.Release|iPhone.ActiveCfg = Release|iPhone
		{7ACE1216-1784-4E12-874D-794AA00F6C49}.Release|iPhone.Build.0 = Release|iPhone
		{7ACE1216-1784-4E12-874D-794AA00F6C49}.Release|iPhone.Deploy.0 = Release|iPhone
		{7ACE1216-1784-4E12-874D-794AA00F6C49}.Release|iPhoneSimulator.ActiveCfg = Release|iPhoneSimulator
		{7ACE1216-1784-4E12-874D-794AA00F6C49}.Release|iPhoneSimulator.Build.0 = Release|iPhoneSimulator
		{7ACE1216-1784-4E12-874D-794AA00F6C49}.Release|iPhoneSimulator.Deploy.0 = Release|iPhoneSimulator
		{6E51F44E-5D73-4B08-84DA-E029AFF98E57}.Debug|Any CPU.ActiveCfg = Debug|Any CPU
		{6E51F44E-5D73-4B08-84DA-E029AFF98E57}.Debug|Any CPU.Build.0 = Debug|Any CPU
		{6E51F44E-5D73-4B08-84DA-E029AFF98E57}.Debug|Any CPU.Deploy.0 = Debug|Any CPU
		{6E51F44E-5D73-4B08-84DA-E029AFF98E57}.Debug|iPhone.ActiveCfg = Debug|Any CPU
		{6E51F44E-5D73-4B08-84DA-E029AFF98E57}.Debug|iPhone.Build.0 = Debug|Any CPU
		{6E51F44E-5D73-4B08-84DA-E029AFF98E57}.Debug|iPhone.Deploy.0 = Debug|Any CPU
		{6E51F44E-5D73-4B08-84DA-E029AFF98E57}.Debug|iPhoneSimulator.ActiveCfg = Debug|Any CPU
		{6E51F44E-5D73-4B08-84DA-E029AFF98E57}.Debug|iPhoneSimulator.Build.0 = Debug|Any CPU
		{6E51F44E-5D73-4B08-84DA-E029AFF98E57}.Debug|iPhoneSimulator.Deploy.0 = Debug|Any CPU
		{6E51F44E-5D73-4B08-84DA-E029AFF98E57}.Release|Any CPU.ActiveCfg = Release|Any CPU
		{6E51F44E-5D73-4B08-84DA-E029AFF98E57}.Release|Any CPU.Build.0 = Release|Any CPU
		{6E51F44E-5D73-4B08-84DA-E029AFF98E57}.Release|Any CPU.Deploy.0 = Release|Any CPU
		{6E51F44E-5D73-4B08-84DA-E029AFF98E57}.Release|iPhone.ActiveCfg = Release|Any CPU
		{6E51F44E-5D73-4B08-84DA-E029AFF98E57}.Release|iPhone.Build.0 = Release|Any CPU
		{6E51F44E-5D73-4B08-84DA-E029AFF98E57}.Release|iPhone.Deploy.0 = Release|Any CPU
		{6E51F44E-5D73-4B08-84DA-E029AFF98E57}.Release|iPhoneSimulator.ActiveCfg = Release|Any CPU
		{6E51F44E-5D73-4B08-84DA-E029AFF98E57}.Release|iPhoneSimulator.Build.0 = Release|Any CPU
		{6E51F44E-5D73-4B08-84DA-E029AFF98E57}.Release|iPhoneSimulator.Deploy.0 = Release|Any CPU
	EndGlobalSection
	GlobalSection(SolutionProperties) = preSolution
		HideSolutionNode = FALSE
	EndGlobalSection
	GlobalSection(ExtensibilityGlobals) = postSolution
		SolutionGuid = {4BFCCFCB-10B5-447A-89B0-CB671E0D5D73}
	EndGlobalSection
EndGlobal
